
Microsoft Visual Studio Solution File, Format Version 12.00
# Visual Studio Version 17
VisualStudioVersion = 17.9.34701.34
MinimumVisualStudioVersion = 10.0.40219.1
Project("{9A19103F-16F7-4668-BE54-9A1E7A4F7556}") = "WebApiShop", "WebApiShop\WebApiShop.csproj", "{A045D2FC-67B7-440C-A418-A35B358BE072}"
EndProject
Project("{FAE04EC0-301F-11D3-BF4B-00C04F79EFBC}") = "WebApiShop.DLL", "WebApiShop.DLL\WebApiShop.DLL.csproj", "{3A717077-0F63-4881-A44F-4DD4AFF9BAE7}"
EndProject
Global
	GlobalSection(SolutionConfigurationPlatforms) = preSolution
		Debug|Any CPU = Debug|Any CPU
		Release|Any CPU = Release|Any CPU
	EndGlobalSection
	GlobalSection(ProjectConfigurationPlatforms) = postSolution
		{A045D2FC-67B7-440C-A418-A35B358BE072}.Debug|Any CPU.ActiveCfg = Debug|Any CPU
		{A045D2FC-67B7-440C-A418-A35B358BE072}.Debug|Any CPU.Build.0 = Debug|Any CPU
		{A045D2FC-67B7-440C-A418-A35B358BE072}.Release|Any CPU.ActiveCfg = Release|Any CPU
		{A045D2FC-67B7-440C-A418-A35B358BE072}.Release|Any CPU.Build.0 = Release|Any CPU
		{3A717077-0F63-4881-A44F-4DD4AFF9BAE7}.Debug|Any CPU.ActiveCfg = Debug|Any CPU
		{3A717077-0F63-4881-A44F-4DD4AFF9BAE7}.Debug|Any CPU.Build.0 = Debug|Any CPU
		{3A717077-0F63-4881-A44F-4DD4AFF9BAE7}.Release|Any CPU.ActiveCfg = Release|Any CPU
		{3A717077-0F63-4881-A44F-4DD4AFF9BAE7}.Release|Any CPU.Build.0 = Release|Any CPU
	EndGlobalSection
	GlobalSection(SolutionProperties) = preSolution
		HideSolutionNode = FALSE
	EndGlobalSection
	GlobalSection(ExtensibilityGlobals) = postSolution
		SolutionGuid = {37BB6139-773B-48D5-A991-29C538C5E0C7}
	EndGlobalSection
EndGlobal
